{
  "name": "debug",
  "lockfileVersion": 3,
  "requires": true,
  "packages": {
    "": {
      "name": "debug",
      "dependencies": {
        "create-typescript-npm-library": "file:../dist"
      }
    },
    "../dist": {},
    "../dist/index.ts": {
      "extraneous": true
    },
    "../main.ts": {
      "extraneous": true
    },
    "../src/functions/hello.ts": {
      "extraneous": true
    },
    "node_modules/create-typescript-npm-library": {
      "resolved": "../dist",
      "link": true
    }
  }
}
